
Microsoft Visual Studio Solution File, Format Version 12.00
# Visual Studio Version 16
VisualStudioVersion = 16.0.30104.148
MinimumVisualStudioVersion = 10.0.40219.1
Project("{FAE04EC0-301F-11D3-BF4B-00C04F79EFBC}") = "UI", "UI\UI.csproj", "{2BD878AF-9F81-4B48-B41D-541BAA1055B8}"
EndProject
Project("{2150E333-8FDC-42A3-9474-1A3956D46DE8}") = "Modules", "Modules", "{70967FEC-22DA-4238-AF9A-75218B4B57B4}"
EndProject
Project("{FAE04EC0-301F-11D3-BF4B-00C04F79EFBC}") = "Common", "Common\Common.csproj", "{61D4AA99-E465-4817-84F6-58B44DC01BE2}"
EndProject
Project("{2150E333-8FDC-42A3-9474-1A3956D46DE8}") = "Solution Items", "Solution Items", "{49790744-4A47-475B-A266-65787A9F2C32}"
	ProjectSection(SolutionItems) = preProject
		.editorconfig = .editorconfig
	EndProjectSection
EndProject
Project("{FAE04EC0-301F-11D3-BF4B-00C04F79EFBC}") = "VK", "VK\VK.csproj", "{9C79F60E-F314-40FA-B9FF-C445F7FB72CE}"
EndProject
Project("{FAE04EC0-301F-11D3-BF4B-00C04F79EFBC}") = "test_db", "test_db\test_db.csproj", "{2A23573B-7B9B-4F94-9FDC-2F213872569C}"
EndProject
Project("{FAE04EC0-301F-11D3-BF4B-00C04F79EFBC}") = "vkpars", "vkpars\vkpars.csproj", "{D12FF780-F1E8-48C6-80BC-6D483E634347}"
EndProject
Global
	GlobalSection(SolutionConfigurationPlatforms) = preSolution
		Debug|Any CPU = Debug|Any CPU
		Release|Any CPU = Release|Any CPU
	EndGlobalSection
	GlobalSection(ProjectConfigurationPlatforms) = postSolution
		{2BD878AF-9F81-4B48-B41D-541BAA1055B8}.Debug|Any CPU.ActiveCfg = Debug|Any CPU
		{2BD878AF-9F81-4B48-B41D-541BAA1055B8}.Debug|Any CPU.Build.0 = Debug|Any CPU
		{2BD878AF-9F81-4B48-B41D-541BAA1055B8}.Release|Any CPU.ActiveCfg = Release|Any CPU
		{2BD878AF-9F81-4B48-B41D-541BAA1055B8}.Release|Any CPU.Build.0 = Release|Any CPU
		{61D4AA99-E465-4817-84F6-58B44DC01BE2}.Debug|Any CPU.ActiveCfg = Debug|Any CPU
		{61D4AA99-E465-4817-84F6-58B44DC01BE2}.Debug|Any CPU.Build.0 = Debug|Any CPU
		{61D4AA99-E465-4817-84F6-58B44DC01BE2}.Release|Any CPU.ActiveCfg = Release|Any CPU
		{61D4AA99-E465-4817-84F6-58B44DC01BE2}.Release|Any CPU.Build.0 = Release|Any CPU
		{9C79F60E-F314-40FA-B9FF-C445F7FB72CE}.Debug|Any CPU.ActiveCfg = Debug|Any CPU
		{9C79F60E-F314-40FA-B9FF-C445F7FB72CE}.Debug|Any CPU.Build.0 = Debug|Any CPU
		{9C79F60E-F314-40FA-B9FF-C445F7FB72CE}.Release|Any CPU.ActiveCfg = Release|Any CPU
		{9C79F60E-F314-40FA-B9FF-C445F7FB72CE}.Release|Any CPU.Build.0 = Release|Any CPU
		{2A23573B-7B9B-4F94-9FDC-2F213872569C}.Debug|Any CPU.ActiveCfg = Debug|Any CPU
		{2A23573B-7B9B-4F94-9FDC-2F213872569C}.Debug|Any CPU.Build.0 = Debug|Any CPU
		{2A23573B-7B9B-4F94-9FDC-2F213872569C}.Release|Any CPU.ActiveCfg = Release|Any CPU
		{2A23573B-7B9B-4F94-9FDC-2F213872569C}.Release|Any CPU.Build.0 = Release|Any CPU
		{D12FF780-F1E8-48C6-80BC-6D483E634347}.Debug|Any CPU.ActiveCfg = Debug|Any CPU
		{D12FF780-F1E8-48C6-80BC-6D483E634347}.Debug|Any CPU.Build.0 = Debug|Any CPU
		{D12FF780-F1E8-48C6-80BC-6D483E634347}.Release|Any CPU.ActiveCfg = Release|Any CPU
		{D12FF780-F1E8-48C6-80BC-6D483E634347}.Release|Any CPU.Build.0 = Release|Any CPU
	EndGlobalSection
	GlobalSection(SolutionProperties) = preSolution
		HideSolutionNode = FALSE
	EndGlobalSection
	GlobalSection(NestedProjects) = preSolution
		{61D4AA99-E465-4817-84F6-58B44DC01BE2} = {70967FEC-22DA-4238-AF9A-75218B4B57B4}
		{9C79F60E-F314-40FA-B9FF-C445F7FB72CE} = {70967FEC-22DA-4238-AF9A-75218B4B57B4}
	EndGlobalSection
	GlobalSection(ExtensibilityGlobals) = postSolution
		SolutionGuid = {D4411026-8F70-4072-9E64-3D79D9423FD1}
	EndGlobalSection
EndGlobal
